%{"cowboy": {:package, "1.0.0"},
  "cowlib": {:package, "1.0.0"},
  "erlang-oauth": {:git, "git://github.com/tim/erlang-oauth.git", "2ee206ea921722893200a0ad534c6b6130233325", []},
  "extwitter": {:git, "git://github.com/parroty/extwitter.git", "eff4070650a9fe76661bdd25525acde4f9a599cf", []},
  "hackney": {:package, "0.13.1"},
  "httpoison": {:package, "0.4.2"},
  "idna": {:package, "1.0.1"},
  "jsex": {:package, "2.0.0"},
  "jsx": {:package, "2.0.4"},
  "oauth": {:git, "git://github.com/tim/erlang-oauth.git", "2ee206ea921722893200a0ad534c6b6130233325", []},
  "oauth2ex": {:git, "git://github.com/parroty/oauth2ex.git", "49c44ca159975eb4a6c135eaa3a00b4e6110a70e", []},
  "plug": {:package, "0.6.0"},
  "ranch": {:package, "1.0.0"},
  "timex": {:package, "0.12.4"}}
