%{"cowboy": {:git, "git://github.com/extend/cowboy.git", "b57f94661f5fd186f55eb0fead49849e0b1399d1", [ref: "master"]},
  "cowboy-multipart-upload-example": {:git, "https://github.com/m-2k/cowboy-multipart-upload-example.git", "5a173f4446146f3c53bec7bf04d24d2810f10d78", []},
  "cowlib": {:git, "git://github.com/ninenines/cowlib.git", "d544a494af4dbc810fc9c15eaf5cc050cced1501", [ref: "1.0.0"]},
  "dropbox": {:git, "https://github.com/ammmir/elixir-dropbox", "fd255a4eecbfac36d9b426f5fd20191b016561fa", []},
  "erlcloud": {:git, "https://github.com/gleber/erlcloud", "4982cc04442d4b1ca795f08d16610a6648125f5d", []},
  "extwitter": {:git, "https://github.com/parroty/extwitter", "32ad6dc57e077545219c948ffd5ccb412f9491dc", []},
  "gen_smtp": {:git, "https://github.com/Vagabond/gen_smtp.git", "8f7ba01172e679e8b4262334cefc3451b4c36777", []},
  "hackney": {:git, "https://github.com/benoitc/hackney.git", "a83f57ff5bca1938201f110b06db4c08a78e9db6", [ref: "master"]},
  "hello-world": {:git, "https://github.com/m-2k/cowboy-multipart-upload-example.git", "5a173f4446146f3c53bec7bf04d24d2810f10d78", []},
  "hello_world": {:git, "https://github.com/m-2k/cowboy-multipart-upload-example.git", "5a173f4446146f3c53bec7bf04d24d2810f10d78", []},
  "httpoison": {:package, "0.4.2"},
  "idna": {:git, "git://github.com/benoitc/erlang-idna.git", "5089240e653ce254273da9cff57952a60b1d2c51", [tag: "1.0.1"]},
  "jazz": {:package, "0.2.1"},
  "jsex": {:package, "2.0.0"},
  "jsx": {:git, "https://github.com/talentdeficit/jsx.git", "507fa4c41db33c81e925ab53f4d789d234aaff2f", []},
  "lhttpc": {:git, "git://github.com/talko/lhttpc", "2d01a5f9c7543b77bdd57f44c92e72801f46e423", [ref: "master"]},
  "meck": {:git, "https://github.com/eproxus/meck.git", "b1f313b4cecc3df05a477a93641bf0a24d858590", [ref: "master"]},
  "oauth": {:git, "git://github.com/tim/erlang-oauth.git", "2ee206ea921722893200a0ad534c6b6130233325", []},
  "oauth2ex": {:git, "https://github.com/parroty/oauth2ex.git", "060ef38c1525e7c3343cb52b79b50d0f2ce9c133", []},
  "plug": {:package, "0.6.0"},
  "ranch": {:git, "git://github.com/ninenines/ranch.git", "adf1822defc2b7cfdc7aca112adabfa1d614043c", [ref: "1.0.0"]},
  "sync": {:git, "git://github.com/rustyio/sync.git", "aae365374a8903ac25dcdd01478b5e63bd9450df", [ref: "master"]},
  "timex": {:package, "0.12.5"}}
